// !$*UTF8*$!
{
	archiveVersion = 1;
	classes = {
	};
	objectVersion = 46;
	objects = {

/* Begin PBXBuildFile section */
		67D3656F2B176E5300108895 /* Package.swift in Sources */ = {isa = PBXBuildFile; fileRef = 67D3656E2B176E5300108895 /* Package.swift */; };
		67D3658C2B176E6600108895 /* Env.swift in Sources */ = {isa = PBXBuildFile; fileRef = 67D365702B176E6600108895 /* Env.swift */; };
		67D3658D2B176E6600108895 /* Argument.swift in Sources */ = {isa = PBXBuildFile; fileRef = 67D365712B176E6600108895 /* Argument.swift */; };
		67D3658E2B176E6600108895 /* StringBackgroundColorizer.swift in Sources */ = {isa = PBXBuildFile; fileRef = 67D365722B176E6600108895 /* StringBackgroundColorizer.swift */; };
		67D3658F2B176E6600108895 /* ArgsParser.swift in Sources */ = {isa = PBXBuildFile; fileRef = 67D365732B176E6600108895 /* ArgsParser.swift */; };
		67D365902B176E6600108895 /* StringStyle.swift in Sources */ = {isa = PBXBuildFile; fileRef = 67D365742B176E6600108895 /* StringStyle.swift */; };
		67D365912B176E6600108895 /* ChooseSettings.swift in Sources */ = {isa = PBXBuildFile; fileRef = 67D365752B176E6600108895 /* ChooseSettings.swift */; };
		67D365922B176E6600108895 /* AskSettings.swift in Sources */ = {isa = PBXBuildFile; fileRef = 67D365762B176E6600108895 /* AskSettings.swift */; };
		67D365932B176E6600108895 /* ProcessInfo.swift in Sources */ = {isa = PBXBuildFile; fileRef = 67D365772B176E6600108895 /* ProcessInfo.swift */; };
		67D365942B176E6600108895 /* Ask.swift in Sources */ = {isa = PBXBuildFile; fileRef = 67D365782B176E6600108895 /* Ask.swift */; };
		67D365952B176E6600108895 /* PromptPrinter.swift in Sources */ = {isa = PBXBuildFile; fileRef = 67D365792B176E6600108895 /* PromptPrinter.swift */; };
		67D365962B176E6600108895 /* AgreeSettings.swift in Sources */ = {isa = PBXBuildFile; fileRef = 67D3657A2B176E6600108895 /* AgreeSettings.swift */; };
		67D365972B176E6600108895 /* AskerValidator.swift in Sources */ = {isa = PBXBuildFile; fileRef = 67D3657B2B176E6600108895 /* AskerValidator.swift */; };
		67D365982B176E6600108895 /* StringStyleColorizer.swift in Sources */ = {isa = PBXBuildFile; fileRef = 67D3657C2B176E6600108895 /* StringStyleColorizer.swift */; };
		67D365992B176E6600108895 /* Colorizer.swift in Sources */ = {isa = PBXBuildFile; fileRef = 67D3657D2B176E6600108895 /* Colorizer.swift */; };
		67D3659A2B176E6600108895 /* Agree.swift in Sources */ = {isa = PBXBuildFile; fileRef = 67D3657E2B176E6600108895 /* Agree.swift */; };
		67D3659B2B176E6600108895 /* CommandExecutor.swift in Sources */ = {isa = PBXBuildFile; fileRef = 67D3657F2B176E6600108895 /* CommandExecutor.swift */; };
		67D3659C2B176E6600108895 /* RunnerSettings.swift in Sources */ = {isa = PBXBuildFile; fileRef = 67D365802B176E6600108895 /* RunnerSettings.swift */; };
		67D3659D2B176E6600108895 /* RunResults.swift in Sources */ = {isa = PBXBuildFile; fileRef = 67D365812B176E6600108895 /* RunResults.swift */; };
		67D3659E2B176E6600108895 /* StringForegroundColorizer.swift in Sources */ = {isa = PBXBuildFile; fileRef = 67D365822B176E6600108895 /* StringForegroundColorizer.swift */; };
		67D3659F2B176E6600108895 /* Glob.swift in Sources */ = {isa = PBXBuildFile; fileRef = 67D365832B176E6600108895 /* Glob.swift */; };
		67D365A02B176E6600108895 /* ShortHandRunner.swift in Sources */ = {isa = PBXBuildFile; fileRef = 67D365842B176E6600108895 /* ShortHandRunner.swift */; };
		67D365A12B176E6600108895 /* TaskPipe.swift in Sources */ = {isa = PBXBuildFile; fileRef = 67D365852B176E6600108895 /* TaskPipe.swift */; };
		67D365A22B176E6600108895 /* ArgConvertible.swift in Sources */ = {isa = PBXBuildFile; fileRef = 67D365862B176E6600108895 /* ArgConvertible.swift */; };
		67D365A32B176E6600108895 /* Runner.swift in Sources */ = {isa = PBXBuildFile; fileRef = 67D365872B176E6600108895 /* Runner.swift */; };
		67D365A42B176E6600108895 /* PromptReader.swift in Sources */ = {isa = PBXBuildFile; fileRef = 67D365882B176E6600108895 /* PromptReader.swift */; };
		67D365A52B176E6600108895 /* Choose.swift in Sources */ = {isa = PBXBuildFile; fileRef = 67D365892B176E6600108895 /* Choose.swift */; };
		67D365A62B176E6600108895 /* PromptSettings.swift in Sources */ = {isa = PBXBuildFile; fileRef = 67D3658A2B176E6600108895 /* PromptSettings.swift */; };
		67D365A72B176E6600108895 /* Args.swift in Sources */ = {isa = PBXBuildFile; fileRef = 67D3658B2B176E6600108895 /* Args.swift */; };
/* End PBXBuildFile section */

/* Begin PBXFileReference section */
		67D3656E2B176E5300108895 /* Package.swift */ = {isa = PBXFileReference; fileEncoding = 4; lastKnownFileType = sourcecode.swift; path = Package.swift; sourceTree = "<group>"; };
		67D365702B176E6600108895 /* Env.swift */ = {isa = PBXFileReference; fileEncoding = 4; lastKnownFileType = sourcecode.swift; name = Env.swift; path = Sources/Env.swift; sourceTree = "<group>"; };
		67D365712B176E6600108895 /* Argument.swift */ = {isa = PBXFileReference; fileEncoding = 4; lastKnownFileType = sourcecode.swift; name = Argument.swift; path = Sources/Argument.swift; sourceTree = "<group>"; };
		67D365722B176E6600108895 /* StringBackgroundColorizer.swift */ = {isa = PBXFileReference; fileEncoding = 4; lastKnownFileType = sourcecode.swift; name = StringBackgroundColorizer.swift; path = Sources/StringBackgroundColorizer.swift; sourceTree = "<group>"; };
		67D365732B176E6600108895 /* ArgsParser.swift */ = {isa = PBXFileReference; fileEncoding = 4; lastKnownFileType = sourcecode.swift; name = ArgsParser.swift; path = Sources/ArgsParser.swift; sourceTree = "<group>"; };
		67D365742B176E6600108895 /* StringStyle.swift */ = {isa = PBXFileReference; fileEncoding = 4; lastKnownFileType = sourcecode.swift; name = StringStyle.swift; path = Sources/StringStyle.swift; sourceTree = "<group>"; };
		67D365752B176E6600108895 /* ChooseSettings.swift */ = {isa = PBXFileReference; fileEncoding = 4; lastKnownFileType = sourcecode.swift; name = ChooseSettings.swift; path = Sources/ChooseSettings.swift; sourceTree = "<group>"; };
		67D365762B176E6600108895 /* AskSettings.swift */ = {isa = PBXFileReference; fileEncoding = 4; lastKnownFileType = sourcecode.swift; name = AskSettings.swift; path = Sources/AskSettings.swift; sourceTree = "<group>"; };
		67D365772B176E6600108895 /* ProcessInfo.swift */ = {isa = PBXFileReference; fileEncoding = 4; lastKnownFileType = sourcecode.swift; name = ProcessInfo.swift; path = Sources/ProcessInfo.swift; sourceTree = "<group>"; };
		67D365782B176E6600108895 /* Ask.swift */ = {isa = PBXFileReference; fileEncoding = 4; lastKnownFileType = sourcecode.swift; name = Ask.swift; path = Sources/Ask.swift; sourceTree = "<group>"; };
		67D365792B176E6600108895 /* PromptPrinter.swift */ = {isa = PBXFileReference; fileEncoding = 4; lastKnownFileType = sourcecode.swift; name = PromptPrinter.swift; path = Sources/PromptPrinter.swift; sourceTree = "<group>"; };
		67D3657A2B176E6600108895 /* AgreeSettings.swift */ = {isa = PBXFileReference; fileEncoding = 4; lastKnownFileType = sourcecode.swift; name = AgreeSettings.swift; path = Sources/AgreeSettings.swift; sourceTree = "<group>"; };
		67D3657B2B176E6600108895 /* AskerValidator.swift */ = {isa = PBXFileReference; fileEncoding = 4; lastKnownFileType = sourcecode.swift; name = AskerValidator.swift; path = Sources/AskerValidator.swift; sourceTree = "<group>"; };
		67D3657C2B176E6600108895 /* StringStyleColorizer.swift */ = {isa = PBXFileReference; fileEncoding = 4; lastKnownFileType = sourcecode.swift; name = StringStyleColorizer.swift; path = Sources/StringStyleColorizer.swift; sourceTree = "<group>"; };
		67D3657D2B176E6600108895 /* Colorizer.swift */ = {isa = PBXFileReference; fileEncoding = 4; lastKnownFileType = sourcecode.swift; name = Colorizer.swift; path = Sources/Colorizer.swift; sourceTree = "<group>"; };
		67D3657E2B176E6600108895 /* Agree.swift */ = {isa = PBXFileReference; fileEncoding = 4; lastKnownFileType = sourcecode.swift; name = Agree.swift; path = Sources/Agree.swift; sourceTree = "<group>"; };
		67D3657F2B176E6600108895 /* CommandExecutor.swift */ = {isa = PBXFileReference; fileEncoding = 4; lastKnownFileType = sourcecode.swift; name = CommandExecutor.swift; path = Sources/CommandExecutor.swift; sourceTree = "<group>"; };
		67D365802B176E6600108895 /* RunnerSettings.swift */ = {isa = PBXFileReference; fileEncoding = 4; lastKnownFileType = sourcecode.swift; name = RunnerSettings.swift; path = Sources/RunnerSettings.swift; sourceTree = "<group>"; };
		67D365812B176E6600108895 /* RunResults.swift */ = {isa = PBXFileReference; fileEncoding = 4; lastKnownFileType = sourcecode.swift; name = RunResults.swift; path = Sources/RunResults.swift; sourceTree = "<group>"; };
		67D365822B176E6600108895 /* StringForegroundColorizer.swift */ = {isa = PBXFileReference; fileEncoding = 4; lastKnownFileType = sourcecode.swift; name = StringForegroundColorizer.swift; path = Sources/StringForegroundColorizer.swift; sourceTree = "<group>"; };
		67D365832B176E6600108895 /* Glob.swift */ = {isa = PBXFileReference; fileEncoding = 4; lastKnownFileType = sourcecode.swift; name = Glob.swift; path = Sources/Glob.swift; sourceTree = "<group>"; };
		67D365842B176E6600108895 /* ShortHandRunner.swift */ = {isa = PBXFileReference; fileEncoding = 4; lastKnownFileType = sourcecode.swift; name = ShortHandRunner.swift; path = Sources/ShortHandRunner.swift; sourceTree = "<group>"; };
		67D365852B176E6600108895 /* TaskPipe.swift */ = {isa = PBXFileReference; fileEncoding = 4; lastKnownFileType = sourcecode.swift; name = TaskPipe.swift; path = Sources/TaskPipe.swift; sourceTree = "<group>"; };
		67D365862B176E6600108895 /* ArgConvertible.swift */ = {isa = PBXFileReference; fileEncoding = 4; lastKnownFileType = sourcecode.swift; name = ArgConvertible.swift; path = Sources/ArgConvertible.swift; sourceTree = "<group>"; };
		67D365872B176E6600108895 /* Runner.swift */ = {isa = PBXFileReference; fileEncoding = 4; lastKnownFileType = sourcecode.swift; name = Runner.swift; path = Sources/Runner.swift; sourceTree = "<group>"; };
		67D365882B176E6600108895 /* PromptReader.swift */ = {isa = PBXFileReference; fileEncoding = 4; lastKnownFileType = sourcecode.swift; name = PromptReader.swift; path = Sources/PromptReader.swift; sourceTree = "<group>"; };
		67D365892B176E6600108895 /* Choose.swift */ = {isa = PBXFileReference; fileEncoding = 4; lastKnownFileType = sourcecode.swift; name = Choose.swift; path = Sources/Choose.swift; sourceTree = "<group>"; };
		67D3658A2B176E6600108895 /* PromptSettings.swift */ = {isa = PBXFileReference; fileEncoding = 4; lastKnownFileType = sourcecode.swift; name = PromptSettings.swift; path = Sources/PromptSettings.swift; sourceTree = "<group>"; };
		67D3658B2B176E6600108895 /* Args.swift */ = {isa = PBXFileReference; fileEncoding = 4; lastKnownFileType = sourcecode.swift; name = Args.swift; path = Sources/Args.swift; sourceTree = "<group>"; };
		__PBXFileRef_Swiftline.xcodeproj/Configs/Project.xcconfig /* Swiftline.xcodeproj/Configs/Project.xcconfig */ = {isa = PBXFileReference; lastKnownFileType = text.xcconfig; path = Swiftline.xcodeproj/Configs/Project.xcconfig; sourceTree = "<group>"; };
		"_____Product_Swiftline" /* Swiftline.framework */ = {isa = PBXFileReference; explicitFileType = wrapper.framework; path = Swiftline.framework; sourceTree = BUILT_PRODUCTS_DIR; };
/* End PBXFileReference section */

/* Begin PBXFrameworksBuildPhase section */
		"___LinkPhase_Swiftline" /* Frameworks */ = {
			isa = PBXFrameworksBuildPhase;
			buildActionMask = 0;
			files = (
			);
			runOnlyForDeploymentPostprocessing = 0;
		};
/* End PBXFrameworksBuildPhase section */

/* Begin PBXGroup section */
		"___RootGroup_" = {
			isa = PBXGroup;
			children = (
				67D3656E2B176E5300108895 /* Package.swift */,
				"_____Configs_" /* Configs */,
				"_____Sources_" /* Sources */,
				"____Products_" /* Products */,
			);
			sourceTree = "<group>";
		};
		"____Products_" /* Products */ = {
			isa = PBXGroup;
			children = (
				"_____Product_Swiftline" /* Swiftline.framework */,
			);
			name = Products;
			sourceTree = "<group>";
		};
		"_____Configs_" /* Configs */ = {
			isa = PBXGroup;
			children = (
				__PBXFileRef_Swiftline.xcodeproj/Configs/Project.xcconfig /* Swiftline.xcodeproj/Configs/Project.xcconfig */,
			);
			name = Configs;
			sourceTree = "<group>";
		};
		"_____Sources_" /* Sources */ = {
			isa = PBXGroup;
			children = (
				67D3657E2B176E6600108895 /* Agree.swift */,
				67D3657A2B176E6600108895 /* AgreeSettings.swift */,
				67D365862B176E6600108895 /* ArgConvertible.swift */,
				67D3658B2B176E6600108895 /* Args.swift */,
				67D365732B176E6600108895 /* ArgsParser.swift */,
				67D365712B176E6600108895 /* Argument.swift */,
				67D365782B176E6600108895 /* Ask.swift */,
				67D3657B2B176E6600108895 /* AskerValidator.swift */,
				67D365762B176E6600108895 /* AskSettings.swift */,
				67D365892B176E6600108895 /* Choose.swift */,
				67D365752B176E6600108895 /* ChooseSettings.swift */,
				67D3657D2B176E6600108895 /* Colorizer.swift */,
				67D3657F2B176E6600108895 /* CommandExecutor.swift */,
				67D365702B176E6600108895 /* Env.swift */,
				67D365832B176E6600108895 /* Glob.swift */,
				67D365772B176E6600108895 /* ProcessInfo.swift */,
				67D365792B176E6600108895 /* PromptPrinter.swift */,
				67D365882B176E6600108895 /* PromptReader.swift */,
				67D3658A2B176E6600108895 /* PromptSettings.swift */,
				67D365872B176E6600108895 /* Runner.swift */,
				67D365802B176E6600108895 /* RunnerSettings.swift */,
				67D365812B176E6600108895 /* RunResults.swift */,
				67D365842B176E6600108895 /* ShortHandRunner.swift */,
				67D365722B176E6600108895 /* StringBackgroundColorizer.swift */,
				67D365822B176E6600108895 /* StringForegroundColorizer.swift */,
				67D365742B176E6600108895 /* StringStyle.swift */,
				67D3657C2B176E6600108895 /* StringStyleColorizer.swift */,
				67D365852B176E6600108895 /* TaskPipe.swift */,
			);
			name = Sources;
			sourceTree = "<group>";
		};
/* End PBXGroup section */

/* Begin PBXNativeTarget section */
		"______Target_Swiftline" /* Swiftline */ = {
			isa = PBXNativeTarget;
			buildConfigurationList = "_______Confs_Swiftline" /* Build configuration list for PBXNativeTarget "Swiftline" */;
			buildPhases = (
				CompilePhase_Swiftline /* Sources */,
				"___LinkPhase_Swiftline" /* Frameworks */,
			);
			buildRules = (
			);
			dependencies = (
			);
			name = Swiftline;
			productName = Swiftline;
			productReference = "_____Product_Swiftline" /* Swiftline.framework */;
			productType = "com.apple.product-type.framework";
		};
/* End PBXNativeTarget section */

/* Begin PBXProject section */
		__RootObject_ /* Project object */ = {
			isa = PBXProject;
			attributes = {
				LastUpgradeCheck = 9999;
				TargetAttributes = {
					"______Target_Swiftline" = {
						LastSwiftMigration = 0800;
					};
				};
			};
			buildConfigurationList = "___RootConfs_" /* Build configuration list for PBXProject "Swiftline" */;
			compatibilityVersion = "Xcode 3.2";
			developmentRegion = English;
			hasScannedForEncodings = 0;
			knownRegions = (
				English,
				en,
			);
			mainGroup = "___RootGroup_";
			productRefGroup = "____Products_" /* Products */;
			projectDirPath = "";
			projectRoot = "";
			targets = (
				"______Target_Swiftline" /* Swiftline */,
			);
		};
/* End PBXProject section */

/* Begin PBXSourcesBuildPhase section */
		CompilePhase_Swiftline /* Sources */ = {
			isa = PBXSourcesBuildPhase;
			buildActionMask = 0;
			files = (
				67D3659D2B176E6600108895 /* RunResults.swift in Sources */,
				67D3656F2B176E5300108895 /* Package.swift in Sources */,
				67D3659B2B176E6600108895 /* CommandExecutor.swift in Sources */,
				67D3659C2B176E6600108895 /* RunnerSettings.swift in Sources */,
				67D365912B176E6600108895 /* ChooseSettings.swift in Sources */,
				67D3658D2B176E6600108895 /* Argument.swift in Sources */,
				67D365902B176E6600108895 /* StringStyle.swift in Sources */,
				67D365A02B176E6600108895 /* ShortHandRunner.swift in Sources */,
				67D365A12B176E6600108895 /* TaskPipe.swift in Sources */,
				67D3659F2B176E6600108895 /* Glob.swift in Sources */,
				67D365932B176E6600108895 /* ProcessInfo.swift in Sources */,
				67D365922B176E6600108895 /* AskSettings.swift in Sources */,
				67D365972B176E6600108895 /* AskerValidator.swift in Sources */,
				67D3658E2B176E6600108895 /* StringBackgroundColorizer.swift in Sources */,
				67D365A62B176E6600108895 /* PromptSettings.swift in Sources */,
				67D365992B176E6600108895 /* Colorizer.swift in Sources */,
				67D365942B176E6600108895 /* Ask.swift in Sources */,
				67D365A52B176E6600108895 /* Choose.swift in Sources */,
				67D3659A2B176E6600108895 /* Agree.swift in Sources */,
				67D365A32B176E6600108895 /* Runner.swift in Sources */,
				67D3658F2B176E6600108895 /* ArgsParser.swift in Sources */,
				67D365982B176E6600108895 /* StringStyleColorizer.swift in Sources */,
				67D365A42B176E6600108895 /* PromptReader.swift in Sources */,
				67D3658C2B176E6600108895 /* Env.swift in Sources */,
				67D3659E2B176E6600108895 /* StringForegroundColorizer.swift in Sources */,
				67D365A72B176E6600108895 /* Args.swift in Sources */,
				67D365952B176E6600108895 /* PromptPrinter.swift in Sources */,
				67D365A22B176E6600108895 /* ArgConvertible.swift in Sources */,
				67D365962B176E6600108895 /* AgreeSettings.swift in Sources */,
			);
			runOnlyForDeploymentPostprocessing = 0;
		};
/* End PBXSourcesBuildPhase section */

/* Begin XCBuildConfiguration section */
		_ReleaseConf_Swiftline /* Release */ = {
			isa = XCBuildConfiguration;
			buildSettings = {
				ENABLE_TESTABILITY = YES;
				FRAMEWORK_SEARCH_PATHS = "$(PLATFORM_DIR)/Developer/Library/Frameworks";
				INFOPLIST_FILE = Swiftline.xcodeproj/Swiftline_Info.plist;
				LD_RUNPATH_SEARCH_PATHS = "$(TOOLCHAIN_DIR)/usr/lib/swift/macosx";
				MACOSX_DEPLOYMENT_TARGET = 12.0;
				OTHER_LDFLAGS = "$(inherited)";
				OTHER_SWIFT_FLAGS = "$(inherited)";
				PRODUCT_BUNDLE_IDENTIFIER = Swiftline;
				PRODUCT_MODULE_NAME = "$(TARGET_NAME:c99extidentifier)";
				PRODUCT_NAME = "$(TARGET_NAME:c99extidentifier)";
				SWIFT_VERSION = 5.0;
			};
			name = Release;
		};
		"___DebugConf_Swiftline" /* Debug */ = {
			isa = XCBuildConfiguration;
			buildSettings = {
				ENABLE_TESTABILITY = YES;
				FRAMEWORK_SEARCH_PATHS = "$(PLATFORM_DIR)/Developer/Library/Frameworks";
				INFOPLIST_FILE = Swiftline.xcodeproj/Swiftline_Info.plist;
				LD_RUNPATH_SEARCH_PATHS = "$(TOOLCHAIN_DIR)/usr/lib/swift/macosx";
				MACOSX_DEPLOYMENT_TARGET = 12.0;
				OTHER_LDFLAGS = "$(inherited)";
				OTHER_SWIFT_FLAGS = "$(inherited)";
				PRODUCT_BUNDLE_IDENTIFIER = Swiftline;
				PRODUCT_MODULE_NAME = "$(TARGET_NAME:c99extidentifier)";
				PRODUCT_NAME = "$(TARGET_NAME:c99extidentifier)";
				SWIFT_OPTIMIZATION_LEVEL = "-Onone";
				SWIFT_VERSION = 5.0;
			};
			name = Debug;
		};
		"_____Release_" /* Release */ = {
			isa = XCBuildConfiguration;
			baseConfigurationReference = __PBXFileRef_Swiftline.xcodeproj/Configs/Project.xcconfig /* Swiftline.xcodeproj/Configs/Project.xcconfig */;
			buildSettings = {
				SWIFT_VERSION = 5.0;
			};
			name = Release;
		};
		"_______Debug_" /* Debug */ = {
			isa = XCBuildConfiguration;
			baseConfigurationReference = __PBXFileRef_Swiftline.xcodeproj/Configs/Project.xcconfig /* Swiftline.xcodeproj/Configs/Project.xcconfig */;
			buildSettings = {
				SWIFT_VERSION = 5.0;
			};
			name = Debug;
		};
/* End XCBuildConfiguration section */

/* Begin XCConfigurationList section */
		"___RootConfs_" /* Build configuration list for PBXProject "Swiftline" */ = {
			isa = XCConfigurationList;
			buildConfigurations = (
				"_______Debug_" /* Debug */,
				"_____Release_" /* Release */,
			);
			defaultConfigurationIsVisible = 0;
			defaultConfigurationName = Debug;
		};
		"_______Confs_Swiftline" /* Build configuration list for PBXNativeTarget "Swiftline" */ = {
			isa = XCConfigurationList;
			buildConfigurations = (
				"___DebugConf_Swiftline" /* Debug */,
				_ReleaseConf_Swiftline /* Release */,
			);
			defaultConfigurationIsVisible = 0;
			defaultConfigurationName = Debug;
		};
/* End XCConfigurationList section */
	};
	rootObject = __RootObject_ /* Project object */;
}
